
Microsoft Visual Studio Solution File, Format Version 12.00
# Visual Studio 15
VisualStudioVersion = 15.0.28010.2003
MinimumVisualStudioVersion = 10.0.40219.1
Project("{FAE04EC0-301F-11D3-BF4B-00C04F79EFBC}") = "RandomPasswords_PA", "RandomPasswords_PA\RandomPasswords_PA.csproj", "{80A11AC3-8F31-450E-AC48-29D96993E231}"
EndProject
Global
	GlobalSection(SolutionConfigurationPlatforms) = preSolution
		Debug|Any CPU = Debug|Any CPU
		Release|Any CPU = Release|Any CPU
	EndGlobalSection
	GlobalSection(ProjectConfigurationPlatforms) = postSolution
		{80A11AC3-8F31-450E-AC48-29D96993E231}.Debug|Any CPU.ActiveCfg = Debug|Any CPU
		{80A11AC3-8F31-450E-AC48-29D96993E231}.Debug|Any CPU.Build.0 = Debug|Any CPU
		{80A11AC3-8F31-450E-AC48-29D96993E231}.Release|Any CPU.ActiveCfg = Release|Any CPU
		{80A11AC3-8F31-450E-AC48-29D96993E231}.Release|Any CPU.Build.0 = Release|Any CPU
	EndGlobalSection
	GlobalSection(SolutionProperties) = preSolution
		HideSolutionNode = FALSE
	EndGlobalSection
	GlobalSection(ExtensibilityGlobals) = postSolution
		SolutionGuid = {5ABBBC2D-8F11-47AD-9049-D4D4F059B0AE}
	EndGlobalSection
EndGlobal
